// !$*UTF8*$!
{
	archiveVersion = 1;
	classes = {
	};
	objectVersion = 46;
	objects = {

/* Begin PBXBuildFile section */
		7E21F38B1884CFC500A9BCB3 /* sampreston_quick.png in Resources */ = {isa = PBXBuildFile; fileRef = 7E21F38A1884CFC500A9BCB3 /* sampreston_quick.png */; };
		7E21F3961885C46B00A9BCB3 /* bandit4e_title.png in Resources */ = {isa = PBXBuildFile; fileRef = 7E21F3941885C46B00A9BCB3 /* bandit4e_title.png */; };
		7E21F3971885C46B00A9BCB3 /* bandit4e_title@2x.png in Resources */ = {isa = PBXBuildFile; fileRef = 7E21F3951885C46B00A9BCB3 /* bandit4e_title@2x.png */; };
		7E39CE2316C9E1B300F5582D /* UIHelpers.m in Sources */ = {isa = PBXBuildFile; fileRef = 7E39CE2216C9E1B300F5582D /* UIHelpers.m */; };
		7E464C8316D94A5E00C37390 /* Constants.m in Sources */ = {isa = PBXBuildFile; fileRef = 7E464C8216D94A5E00C37390 /* Constants.m */; };
		7E4CBFA71837FF0F00F684C3 /* Main.storyboard in Resources */ = {isa = PBXBuildFile; fileRef = 7E4CBFA61837FF0F00F684C3 /* Main.storyboard */; };
		7E594E35188AD06D004365EE /* product_ids.plist in Resources */ = {isa = PBXBuildFile; fileRef = 7E594E34188AD06D004365EE /* product_ids.plist */; };
		7E594E39188AD869004365EE /* Store.m in Sources */ = {isa = PBXBuildFile; fileRef = 7E594E38188AD869004365EE /* Store.m */; };
		7E594E3B188AD9FF004365EE /* StoreKit.framework in Frameworks */ = {isa = PBXBuildFile; fileRef = 7E594E3A188AD9FF004365EE /* StoreKit.framework */; };
		7E594E3F188AF97D004365EE /* IAPHelper.m in Sources */ = {isa = PBXBuildFile; fileRef = 7E594E3E188AF97D004365EE /* IAPHelper.m */; };
		7E594E43188AFA69004365EE /* IAPBanditHelper.m in Sources */ = {isa = PBXBuildFile; fileRef = 7E594E42188AFA69004365EE /* IAPBanditHelper.m */; };
		7E6360691881D88200A48BDA /* edit-icon.png in Resources */ = {isa = PBXBuildFile; fileRef = 7E6360671881D88200A48BDA /* edit-icon.png */; };
		7E63606A1881D88200A48BDA /* edit-icon@2x.png in Resources */ = {isa = PBXBuildFile; fileRef = 7E6360681881D88200A48BDA /* edit-icon@2x.png */; };
		7E750F6616E0EDD500A3374C /* CustomBadge.m in Sources */ = {isa = PBXBuildFile; fileRef = 7E750F6516E0EDD500A3374C /* CustomBadge.m */; };
		7ED04E1C16738F9F00BABBA1 /* UIKit.framework in Frameworks */ = {isa = PBXBuildFile; fileRef = 7ED04E1B16738F9F00BABBA1 /* UIKit.framework */; };
		7ED04E1E16738F9F00BABBA1 /* Foundation.framework in Frameworks */ = {isa = PBXBuildFile; fileRef = 7ED04E1D16738F9F00BABBA1 /* Foundation.framework */; };
		7ED04E2016738F9F00BABBA1 /* CoreGraphics.framework in Frameworks */ = {isa = PBXBuildFile; fileRef = 7ED04E1F16738F9F00BABBA1 /* CoreGraphics.framework */; };
		7ED04E2216738F9F00BABBA1 /* CoreData.framework in Frameworks */ = {isa = PBXBuildFile; fileRef = 7ED04E2116738F9F00BABBA1 /* CoreData.framework */; };
		7ED04E2816738F9F00BABBA1 /* InfoPlist.strings in Resources */ = {isa = PBXBuildFile; fileRef = 7ED04E2616738F9F00BABBA1 /* InfoPlist.strings */; };
		7ED04E2A16738F9F00BABBA1 /* main.m in Sources */ = {isa = PBXBuildFile; fileRef = 7ED04E2916738F9F00BABBA1 /* main.m */; };
		7ED04E2E16738F9F00BABBA1 /* AppDelegate.m in Sources */ = {isa = PBXBuildFile; fileRef = 7ED04E2D16738F9F00BABBA1 /* AppDelegate.m */; };
		7ED04E3016738FA000BABBA1 /* Default.png in Resources */ = {isa = PBXBuildFile; fileRef = 7ED04E2F16738FA000BABBA1 /* Default.png */; };
		7ED04E3216738FA000BABBA1 /* Default@2x.png in Resources */ = {isa = PBXBuildFile; fileRef = 7ED04E3116738FA000BABBA1 /* Default@2x.png */; };
		7ED04E3416738FA000BABBA1 /* Default-568h@2x.png in Resources */ = {isa = PBXBuildFile; fileRef = 7ED04E3316738FA000BABBA1 /* Default-568h@2x.png */; };
		7ED04E3716738FA000BABBA1 /* Bandit4e.xcdatamodeld in Sources */ = {isa = PBXBuildFile; fileRef = 7ED04E3516738FA000BABBA1 /* Bandit4e.xcdatamodeld */; };
		7ED04E451673A33D00BABBA1 /* CoreDataHelper.m in Sources */ = {isa = PBXBuildFile; fileRef = 7ED04E431673A33D00BABBA1 /* CoreDataHelper.m */; };
		7ED04E501673C09700BABBA1 /* Note.m in Sources */ = {isa = PBXBuildFile; fileRef = 7ED04E4F1673C09700BABBA1 /* Note.m */; };
		7ED04E531673C09700BABBA1 /* Reminder.m in Sources */ = {isa = PBXBuildFile; fileRef = 7ED04E521673C09700BABBA1 /* Reminder.m */; };
		7ED04E561673C09700BABBA1 /* Condition.m in Sources */ = {isa = PBXBuildFile; fileRef = 7ED04E551673C09700BABBA1 /* Condition.m */; };
		7ED4A0A31673D36400376255 /* BSKeyboardControls.m in Sources */ = {isa = PBXBuildFile; fileRef = 7ED4A09F1673D36400376255 /* BSKeyboardControls.m */; };
		7ED4A0A41673D36400376255 /* BSKeyboardControls.strings in Resources */ = {isa = PBXBuildFile; fileRef = 7ED4A0A01673D36400376255 /* BSKeyboardControls.strings */; };
		7ED4A0AB1673DD4400376255 /* Character.m in Sources */ = {isa = PBXBuildFile; fileRef = 7ED4A0AA1673DD4400376255 /* Character.m */; };
		7ED9656E16F5FEE3009FDB5A /* Icon.png in Resources */ = {isa = PBXBuildFile; fileRef = 7ED9656616F5F9BA009FDB5A /* Icon.png */; };
		7ED9656F16F5FEE8009FDB5A /* Icon@2x.png in Resources */ = {isa = PBXBuildFile; fileRef = 7ED9656716F5F9BA009FDB5A /* Icon@2x.png */; };
		7ED9657116F6448F009FDB5A /* Default-568h@2x.png in Resources */ = {isa = PBXBuildFile; fileRef = 7ED9657016F6448F009FDB5A /* Default-568h@2x.png */; };
		7EE31F571869FFCA00237587 /* CLTurnQueue.m in Sources */ = {isa = PBXBuildFile; fileRef = 7EE31F561869FFCA00237587 /* CLTurnQueue.m */; };
		7EE634AE1874D63600F02C4B /* NoteCell.m in Sources */ = {isa = PBXBuildFile; fileRef = 7EE634AD1874D63600F02C4B /* NoteCell.m */; };
		7EE634B21874D64C00F02C4B /* Arvil_Sans.ttf in Resources */ = {isa = PBXBuildFile; fileRef = 7EE634AF1874D64C00F02C4B /* Arvil_Sans.ttf */; };
		7EE634B31874D64C00F02C4B /* League Gothic.otf in Resources */ = {isa = PBXBuildFile; fileRef = 7EE634B01874D64C00F02C4B /* League Gothic.otf */; };
		7EE634B41874D64C00F02C4B /* Mission-Script.otf in Resources */ = {isa = PBXBuildFile; fileRef = 7EE634B11874D64C00F02C4B /* Mission-Script.otf */; };
		7EE634B91874D66500F02C4B /* CharacterAddEdit.m in Sources */ = {isa = PBXBuildFile; fileRef = 7EE634B61874D66500F02C4B /* CharacterAddEdit.m */; };
		7EE634BA1874D66500F02C4B /* CharacterList.m in Sources */ = {isa = PBXBuildFile; fileRef = 7EE634B81874D66500F02C4B /* CharacterList.m */; };
		7EE634CD1874D69600F02C4B /* Combat.m in Sources */ = {isa = PBXBuildFile; fileRef = 7EE634BC1874D69600F02C4B /* Combat.m */; };
		7EE634CE1874D69600F02C4B /* Damage.m in Sources */ = {isa = PBXBuildFile; fileRef = 7EE634BE1874D69600F02C4B /* Damage.m */; };
		7EE634CF1874D69600F02C4B /* Experience.m in Sources */ = {isa = PBXBuildFile; fileRef = 7EE634C01874D69600F02C4B /* Experience.m */; };
		7EE634D01874D69600F02C4B /* Gold.m in Sources */ = {isa = PBXBuildFile; fileRef = 7EE634C21874D69600F02C4B /* Gold.m */; };
		7EE634D11874D69600F02C4B /* Heal.m in Sources */ = {isa = PBXBuildFile; fileRef = 7EE634C41874D69600F02C4B /* Heal.m */; };
		7EE634D21874D69600F02C4B /* NoteAdd.m in Sources */ = {isa = PBXBuildFile; fileRef = 7EE634C61874D69600F02C4B /* NoteAdd.m */; };
		7EE634D31874D69600F02C4B /* Notes.m in Sources */ = {isa = PBXBuildFile; fileRef = 7EE634C81874D69600F02C4B /* Notes.m */; };
		7EE634D41874D69600F02C4B /* ReminderAdd.m in Sources */ = {isa = PBXBuildFile; fileRef = 7EE634CA1874D69600F02C4B /* ReminderAdd.m */; };
		7EE634D51874D69600F02C4B /* Reminders.m in Sources */ = {isa = PBXBuildFile; fileRef = 7EE634CC1874D69600F02C4B /* Reminders.m */; };
		7EE634DA1874D6DF00F02C4B /* ConditionAdd.m in Sources */ = {isa = PBXBuildFile; fileRef = 7EE634D71874D6DF00F02C4B /* ConditionAdd.m */; };
		7EE634DB1874D6DF00F02C4B /* ConditionsList.m in Sources */ = {isa = PBXBuildFile; fileRef = 7EE634D91874D6DF00F02C4B /* ConditionsList.m */; };
		7EE6350C1874D70900F02C4B /* bg.png in Resources */ = {isa = PBXBuildFile; fileRef = 7EE634DC1874D70900F02C4B /* bg.png */; };
		7EE6350D1874D70900F02C4B /* bg@2x.png in Resources */ = {isa = PBXBuildFile; fileRef = 7EE634DD1874D70900F02C4B /* bg@2x.png */; };
		7EE6350E1874D70900F02C4B /* bgLight.png in Resources */ = {isa = PBXBuildFile; fileRef = 7EE634DE1874D70900F02C4B /* bgLight.png */; };
		7EE6350F1874D70900F02C4B /* bgLight@2x.png in Resources */ = {isa = PBXBuildFile; fileRef = 7EE634DF1874D70900F02C4B /* bgLight@2x.png */; };
		7EE635101874D70900F02C4B /* bottomInner.png in Resources */ = {isa = PBXBuildFile; fileRef = 7EE634E11874D70900F02C4B /* bottomInner.png */; };
		7EE635111874D70900F02C4B /* bottomInner@2x.png in Resources */ = {isa = PBXBuildFile; fileRef = 7EE634E21874D70900F02C4B /* bottomInner@2x.png */; };
		7EE635121874D70900F02C4B /* bottomLeft.png in Resources */ = {isa = PBXBuildFile; fileRef = 7EE634E31874D70900F02C4B /* bottomLeft.png */; };
		7EE635131874D70900F02C4B /* bottomLeft@2x.png in Resources */ = {isa = PBXBuildFile; fileRef = 7EE634E41874D70900F02C4B /* bottomLeft@2x.png */; };
		7EE635141874D70900F02C4B /* lightInner.png in Resources */ = {isa = PBXBuildFile; fileRef = 7EE634E51874D70900F02C4B /* lightInner.png */; };
		7EE635151874D70900F02C4B /* lightInner@2x.png in Resources */ = {isa = PBXBuildFile; fileRef = 7EE634E61874D70900F02C4B /* lightInner@2x.png */; };
		7EE635161874D70900F02C4B /* lightRight.png in Resources */ = {isa = PBXBuildFile; fileRef = 7EE634E71874D70900F02C4B /* lightRight.png */; };
		7EE635171874D70900F02C4B /* lightRight@2x.png in Resources */ = {isa = PBXBuildFile; fileRef = 7EE634E81874D70900F02C4B /* lightRight@2x.png */; };
		7EE635181874D70900F02C4B /* startBg.png in Resources */ = {isa = PBXBuildFile; fileRef = 7EE634E91874D70900F02C4B /* startBg.png */; };
		7EE635191874D70900F02C4B /* startBg@2x.png in Resources */ = {isa = PBXBuildFile; fileRef = 7EE634EA1874D70900F02C4B /* startBg@2x.png */; };
		7EE6351A1874D70900F02C4B /* topInner.png in Resources */ = {isa = PBXBuildFile; fileRef = 7EE634EB1874D70900F02C4B /* topInner.png */; };
		7EE6351B1874D70900F02C4B /* topInner@2x.png in Resources */ = {isa = PBXBuildFile; fileRef = 7EE634EC1874D70900F02C4B /* topInner@2x.png */; };
		7EE6351C1874D70900F02C4B /* topLeftCorner.png in Resources */ = {isa = PBXBuildFile; fileRef = 7EE634ED1874D70900F02C4B /* topLeftCorner.png */; };
		7EE6351D1874D70900F02C4B /* topLeftCorner@2x.png in Resources */ = {isa = PBXBuildFile; fileRef = 7EE634EE1874D70900F02C4B /* topLeftCorner@2x.png */; };
		7EE6351E1874D70900F02C4B /* topRightCorner.png in Resources */ = {isa = PBXBuildFile; fileRef = 7EE634EF1874D70900F02C4B /* topRightCorner.png */; };
		7EE6351F1874D70900F02C4B /* topRightCorner@2x.png in Resources */ = {isa = PBXBuildFile; fileRef = 7EE634F01874D70900F02C4B /* topRightCorner@2x.png */; };
		7EE635201874D70900F02C4B /* bandaid.png in Resources */ = {isa = PBXBuildFile; fileRef = 7EE634F21874D70900F02C4B /* bandaid.png */; };
		7EE635211874D70900F02C4B /* bandaid@2x.png in Resources */ = {isa = PBXBuildFile; fileRef = 7EE634F31874D70900F02C4B /* bandaid@2x.png */; };
		7EE635221874D70900F02C4B /* bell.png in Resources */ = {isa = PBXBuildFile; fileRef = 7EE634F41874D70900F02C4B /* bell.png */; };
		7EE635231874D70900F02C4B /* bell@2x.png in Resources */ = {isa = PBXBuildFile; fileRef = 7EE634F51874D70900F02C4B /* bell@2x.png */; };
		7EE635241874D70900F02C4B /* hourglass.png in Resources */ = {isa = PBXBuildFile; fileRef = 7EE634F61874D70900F02C4B /* hourglass.png */; };
		7EE635251874D70900F02C4B /* hourglass@2x.png in Resources */ = {isa = PBXBuildFile; fileRef = 7EE634F71874D70900F02C4B /* hourglass@2x.png */; };
		7EE635261874D70900F02C4B /* icon-characters.png in Resources */ = {isa = PBXBuildFile; fileRef = 7EE634F81874D70900F02C4B /* icon-characters.png */; };
		7EE635271874D70900F02C4B /* icon-characters@2x.png in Resources */ = {isa = PBXBuildFile; fileRef = 7EE634F91874D70900F02C4B /* icon-characters@2x.png */; };
		7EE635281874D70900F02C4B /* iconDamage.png in Resources */ = {isa = PBXBuildFile; fileRef = 7EE634FA1874D70900F02C4B /* iconDamage.png */; };
		7EE635291874D70900F02C4B /* iconDamage@2x.png in Resources */ = {isa = PBXBuildFile; fileRef = 7EE634FB1874D70900F02C4B /* iconDamage@2x.png */; };
		7EE6352A1874D70900F02C4B /* scroll.png in Resources */ = {isa = PBXBuildFile; fileRef = 7EE634FC1874D70900F02C4B /* scroll.png */; };
		7EE6352B1874D70900F02C4B /* scroll@2x.png in Resources */ = {isa = PBXBuildFile; fileRef = 7EE634FD1874D70900F02C4B /* scroll@2x.png */; };
		7EE6352C1874D70900F02C4B /* shield.png in Resources */ = {isa = PBXBuildFile; fileRef = 7EE634FE1874D70900F02C4B /* shield.png */; };
		7EE6352D1874D70900F02C4B /* shield@2x.png in Resources */ = {isa = PBXBuildFile; fileRef = 7EE634FF1874D70900F02C4B /* shield@2x.png */; };
		7EE6352E1874D70900F02C4B /* swords.png in Resources */ = {isa = PBXBuildFile; fileRef = 7EE635001874D70900F02C4B /* swords.png */; };
		7EE6352F1874D70900F02C4B /* swords@2x.png in Resources */ = {isa = PBXBuildFile; fileRef = 7EE635011874D70900F02C4B /* swords@2x.png */; };
		7EE635301874D70900F02C4B /* keyboardControlBg.png in Resources */ = {isa = PBXBuildFile; fileRef = 7EE635021874D70900F02C4B /* keyboardControlBg.png */; };
		7EE635311874D70900F02C4B /* keyboardControlBg@2x.png in Resources */ = {isa = PBXBuildFile; fileRef = 7EE635031874D70900F02C4B /* keyboardControlBg@2x.png */; };
		7EE635321874D70900F02C4B /* navbar.png in Resources */ = {isa = PBXBuildFile; fileRef = 7EE635041874D70900F02C4B /* navbar.png */; };
		7EE635331874D70900F02C4B /* navBg.png in Resources */ = {isa = PBXBuildFile; fileRef = 7EE635051874D70900F02C4B /* navBg.png */; };
		7EE635341874D70900F02C4B /* navBg@2x.png in Resources */ = {isa = PBXBuildFile; fileRef = 7EE635061874D70900F02C4B /* navBg@2x.png */; };
		7EE635351874D70900F02C4B /* noPhoto.png in Resources */ = {isa = PBXBuildFile; fileRef = 7EE635071874D70900F02C4B /* noPhoto.png */; };
		7EE635361874D70900F02C4B /* noPhoto@2x.png in Resources */ = {isa = PBXBuildFile; fileRef = 7EE635081874D70900F02C4B /* noPhoto@2x.png */; };
		7EE635371874D70900F02C4B /* sectionHeader.png in Resources */ = {isa = PBXBuildFile; fileRef = 7EE635091874D70900F02C4B /* sectionHeader.png */; };
		7EE635381874D70900F02C4B /* tableBg.png in Resources */ = {isa = PBXBuildFile; fileRef = 7EE6350A1874D70900F02C4B /* tableBg.png */; };
		7EE635391874D70900F02C4B /* tableViewSelected.png in Resources */ = {isa = PBXBuildFile; fileRef = 7EE6350B1874D70900F02C4B /* tableViewSelected.png */; };
		7EE6353B187516A700F02C4B /* iPhoneRetina.png in Resources */ = {isa = PBXBuildFile; fileRef = 7EE6353A187516A700F02C4B /* iPhoneRetina.png */; };
		7EE6353D187516DB00F02C4B /* iPhoneSpotlight.png in Resources */ = {isa = PBXBuildFile; fileRef = 7EE6353C187516DB00F02C4B /* iPhoneSpotlight.png */; };
		7EE6353F1875170A00F02C4B /* iPhoneSettings.png in Resources */ = {isa = PBXBuildFile; fileRef = 7EE6353E1875170A00F02C4B /* iPhoneSettings.png */; };
		7EE80F6916CFE57B005D576D /* QuartzCore.framework in Frameworks */ = {isa = PBXBuildFile; fileRef = 7EE80F6816CFE57B005D576D /* QuartzCore.framework */; };
/* End PBXBuildFile section */

/* Begin PBXFileReference section */
		7E21F38A1884CFC500A9BCB3 /* sampreston_quick.png */ = {isa = PBXFileReference; lastKnownFileType = image.png; path = sampreston_quick.png; sourceTree = "<group>"; };
		7E21F3941885C46B00A9BCB3 /* bandit4e_title.png */ = {isa = PBXFileReference; lastKnownFileType = image.png; name = bandit4e_title.png; path = Images/bandit4e_title.png; sourceTree = "<group>"; };
		7E21F3951885C46B00A9BCB3 /* bandit4e_title@2x.png */ = {isa = PBXFileReference; lastKnownFileType = image.png; name = "bandit4e_title@2x.png"; path = "Images/bandit4e_title@2x.png"; sourceTree = "<group>"; };
		7E39CE2116C9E1B300F5582D /* UIHelpers.h */ = {isa = PBXFileReference; fileEncoding = 4; lastKnownFileType = sourcecode.c.h; path = UIHelpers.h; sourceTree = "<group>"; };
		7E39CE2216C9E1B300F5582D /* UIHelpers.m */ = {isa = PBXFileReference; fileEncoding = 4; lastKnownFileType = sourcecode.c.objc; path = UIHelpers.m; sourceTree = "<group>"; };
		7E464C8116D94A5E00C37390 /* Constants.h */ = {isa = PBXFileReference; fileEncoding = 4; lastKnownFileType = sourcecode.c.h; path = Constants.h; sourceTree = "<group>"; };
		7E464C8216D94A5E00C37390 /* Constants.m */ = {isa = PBXFileReference; fileEncoding = 4; lastKnownFileType = sourcecode.c.objc; path = Constants.m; sourceTree = "<group>"; };
		7E4CBFA61837FF0F00F684C3 /* Main.storyboard */ = {isa = PBXFileReference; fileEncoding = 4; lastKnownFileType = file.storyboard; path = Main.storyboard; sourceTree = "<group>"; };
		7E594E34188AD06D004365EE /* product_ids.plist */ = {isa = PBXFileReference; fileEncoding = 4; lastKnownFileType = text.plist.xml; path = product_ids.plist; sourceTree = "<group>"; };
		7E594E37188AD869004365EE /* Store.h */ = {isa = PBXFileReference; fileEncoding = 4; lastKnownFileType = sourcecode.c.h; name = Store.h; path = Controllers/Store.h; sourceTree = "<group>"; };
		7E594E38188AD869004365EE /* Store.m */ = {isa = PBXFileReference; fileEncoding = 4; lastKnownFileType = sourcecode.c.objc; name = Store.m; path = Controllers/Store.m; sourceTree = "<group>"; };
		7E594E3A188AD9FF004365EE /* StoreKit.framework */ = {isa = PBXFileReference; lastKnownFileType = wrapper.framework; name = StoreKit.framework; path = System/Library/Frameworks/StoreKit.framework; sourceTree = SDKROOT; };
		7E594E3D188AF97D004365EE /* IAPHelper.h */ = {isa = PBXFileReference; fileEncoding = 4; lastKnownFileType = sourcecode.c.h; path = IAPHelper.h; sourceTree = "<group>"; };
		7E594E3E188AF97D004365EE /* IAPHelper.m */ = {isa = PBXFileReference; fileEncoding = 4; lastKnownFileType = sourcecode.c.objc; path = IAPHelper.m; sourceTree = "<group>"; };
		7E594E41188AFA69004365EE /* IAPBanditHelper.h */ = {isa = PBXFileReference; fileEncoding = 4; lastKnownFileType = sourcecode.c.h; name = IAPBanditHelper.h; path = IAPBanditHelper/IAPBanditHelper.h; sourceTree = "<group>"; };
		7E594E42188AFA69004365EE /* IAPBanditHelper.m */ = {isa = PBXFileReference; fileEncoding = 4; lastKnownFileType = sourcecode.c.objc; name = IAPBanditHelper.m; path = IAPBanditHelper/IAPBanditHelper.m; sourceTree = "<group>"; };
		7E6360671881D88200A48BDA /* edit-icon.png */ = {isa = PBXFileReference; lastKnownFileType = image.png; path = "edit-icon.png"; sourceTree = "<group>"; };
		7E6360681881D88200A48BDA /* edit-icon@2x.png */ = {isa = PBXFileReference; lastKnownFileType = image.png; path = "edit-icon@2x.png"; sourceTree = "<group>"; };
		7E750F6416E0EDD500A3374C /* CustomBadge.h */ = {isa = PBXFileReference; fileEncoding = 4; lastKnownFileType = sourcecode.c.h; path = CustomBadge.h; sourceTree = "<group>"; };
		7E750F6516E0EDD500A3374C /* CustomBadge.m */ = {isa = PBXFileReference; fileEncoding = 4; lastKnownFileType = sourcecode.c.objc; path = CustomBadge.m; sourceTree = "<group>"; };
		7ED04E1716738F9F00BABBA1 /* Bandit4e.app */ = {isa = PBXFileReference; explicitFileType = wrapper.application; includeInIndex = 0; path = Bandit4e.app; sourceTree = BUILT_PRODUCTS_DIR; };
		7ED04E1B16738F9F00BABBA1 /* UIKit.framework */ = {isa = PBXFileReference; lastKnownFileType = wrapper.framework; name = UIKit.framework; path = System/Library/Frameworks/UIKit.framework; sourceTree = SDKROOT; };
		7ED04E1D16738F9F00BABBA1 /* Foundation.framework */ = {isa = PBXFileReference; lastKnownFileType = wrapper.framework; name = Foundation.framework; path = System/Library/Frameworks/Foundation.framework; sourceTree = SDKROOT; };
		7ED04E1F16738F9F00BABBA1 /* CoreGraphics.framework */ = {isa = PBXFileReference; lastKnownFileType = wrapper.framework; name = CoreGraphics.framework; path = System/Library/Frameworks/CoreGraphics.framework; sourceTree = SDKROOT; };
		7ED04E2116738F9F00BABBA1 /* CoreData.framework */ = {isa = PBXFileReference; lastKnownFileType = wrapper.framework; name = CoreData.framework; path = System/Library/Frameworks/CoreData.framework; sourceTree = SDKROOT; };
		7ED04E2516738F9F00BABBA1 /* Bandit4e-Info.plist */ = {isa = PBXFileReference; lastKnownFileType = text.plist.xml; path = "Bandit4e-Info.plist"; sourceTree = "<group>"; };
		7ED04E2716738F9F00BABBA1 /* en */ = {isa = PBXFileReference; lastKnownFileType = text.plist.strings; name = en; path = en.lproj/InfoPlist.strings; sourceTree = "<group>"; };
		7ED04E2916738F9F00BABBA1 /* main.m */ = {isa = PBXFileReference; lastKnownFileType = sourcecode.c.objc; path = main.m; sourceTree = "<group>"; };
		7ED04E2B16738F9F00BABBA1 /* Bandit4e-Prefix.pch */ = {isa = PBXFileReference; lastKnownFileType = sourcecode.c.h; path = "Bandit4e-Prefix.pch"; sourceTree = "<group>"; };
		7ED04E2C16738F9F00BABBA1 /* AppDelegate.h */ = {isa = PBXFileReference; lastKnownFileType = sourcecode.c.h; name = AppDelegate.h; path = Bandit4e/AppDelegate.h; sourceTree = "<group>"; };
		7ED04E2D16738F9F00BABBA1 /* AppDelegate.m */ = {isa = PBXFileReference; lastKnownFileType = sourcecode.c.objc; name = AppDelegate.m; path = Bandit4e/AppDelegate.m; sourceTree = "<group>"; };
		7ED04E2F16738FA000BABBA1 /* Default.png */ = {isa = PBXFileReference; lastKnownFileType = image.png; path = Default.png; sourceTree = "<group>"; };
		7ED04E3116738FA000BABBA1 /* Default@2x.png */ = {isa = PBXFileReference; lastKnownFileType = image.png; path = "Default@2x.png"; sourceTree = "<group>"; };
		7ED04E3316738FA000BABBA1 /* Default-568h@2x.png */ = {isa = PBXFileReference; lastKnownFileType = image.png; path = "Default-568h@2x.png"; sourceTree = "<group>"; };
		7ED04E3616738FA000BABBA1 /* Bandit4e.xcdatamodel */ = {isa = PBXFileReference; lastKnownFileType = wrapper.xcdatamodel; path = Bandit4e.xcdatamodel; sourceTree = "<group>"; };
		7ED04E431673A33D00BABBA1 /* CoreDataHelper.m */ = {isa = PBXFileReference; fileEncoding = 4; lastKnownFileType = sourcecode.c.objc; path = CoreDataHelper.m; sourceTree = "<group>"; };
		7ED04E441673A33D00BABBA1 /* CoreDataHelper.h */ = {isa = PBXFileReference; fileEncoding = 4; lastKnownFileType = sourcecode.c.h; path = CoreDataHelper.h; sourceTree = "<group>"; };
		7ED04E4E1673C09700BABBA1 /* Note.h */ = {isa = PBXFileReference; fileEncoding = 4; lastKnownFileType = sourcecode.c.h; path = Note.h; sourceTree = "<group>"; };
		7ED04E4F1673C09700BABBA1 /* Note.m */ = {isa = PBXFileReference; fileEncoding = 4; lastKnownFileType = sourcecode.c.objc; path = Note.m; sourceTree = "<group>"; };
		7ED04E511673C09700BABBA1 /* Reminder.h */ = {isa = PBXFileReference; fileEncoding = 4; lastKnownFileType = sourcecode.c.h; path = Reminder.h; sourceTree = "<group>"; };
		7ED04E521673C09700BABBA1 /* Reminder.m */ = {isa = PBXFileReference; fileEncoding = 4; lastKnownFileType = sourcecode.c.objc; path = Reminder.m; sourceTree = "<group>"; };
		7ED04E541673C09700BABBA1 /* Condition.h */ = {isa = PBXFileReference; fileEncoding = 4; lastKnownFileType = sourcecode.c.h; path = Condition.h; sourceTree = "<group>"; };
		7ED04E551673C09700BABBA1 /* Condition.m */ = {isa = PBXFileReference; fileEncoding = 4; lastKnownFileType = sourcecode.c.objc; path = Condition.m; sourceTree = "<group>"; };
		7ED4A09E1673D36400376255 /* BSKeyboardControls.h */ = {isa = PBXFileReference; fileEncoding = 4; lastKnownFileType = sourcecode.c.h; path = BSKeyboardControls.h; sourceTree = "<group>"; };
		7ED4A09F1673D36400376255 /* BSKeyboardControls.m */ = {isa = PBXFileReference; fileEncoding = 4; lastKnownFileType = sourcecode.c.objc; path = BSKeyboardControls.m; sourceTree = "<group>"; };
		7ED4A0A11673D36400376255 /* da */ = {isa = PBXFileReference; lastKnownFileType = text.plist.strings; name = da; path = da.lproj/BSKeyboardControls.strings; sourceTree = "<group>"; };
		7ED4A0A21673D36400376255 /* en */ = {isa = PBXFileReference; lastKnownFileType = text.plist.strings; name = en; path = en.lproj/BSKeyboardControls.strings; sourceTree = "<group>"; };
		7ED4A0A91673DD4400376255 /* Character.h */ = {isa = PBXFileReference; fileEncoding = 4; lastKnownFileType = sourcecode.c.h; path = Character.h; sourceTree = "<group>"; };
		7ED4A0AA1673DD4400376255 /* Character.m */ = {isa = PBXFileReference; fileEncoding = 4; lastKnownFileType = sourcecode.c.objc; path = Character.m; sourceTree = "<group>"; };
		7ED9656616F5F9BA009FDB5A /* Icon.png */ = {isa = PBXFileReference; lastKnownFileType = image.png; path = Icon.png; sourceTree = "<group>"; };
		7ED9656716F5F9BA009FDB5A /* Icon@2x.png */ = {isa = PBXFileReference; lastKnownFileType = image.png; path = "Icon@2x.png"; sourceTree = "<group>"; };
		7ED9657016F6448F009FDB5A /* Default-568h@2x.png */ = {isa = PBXFileReference; lastKnownFileType = image.png; path = "Default-568h@2x.png"; sourceTree = "<group>"; };
		7EE31F551869FFCA00237587 /* CLTurnQueue.h */ = {isa = PBXFileReference; fileEncoding = 4; lastKnownFileType = sourcecode.c.h; path = CLTurnQueue.h; sourceTree = "<group>"; };
		7EE31F561869FFCA00237587 /* CLTurnQueue.m */ = {isa = PBXFileReference; fileEncoding = 4; lastKnownFileType = sourcecode.c.objc; path = CLTurnQueue.m; sourceTree = "<group>"; };
		7EE634AC1874D63600F02C4B /* NoteCell.h */ = {isa = PBXFileReference; fileEncoding = 4; lastKnownFileType = sourcecode.c.h; name = NoteCell.h; path = Views/NoteCell.h; sourceTree = "<group>"; };
		7EE634AD1874D63600F02C4B /* NoteCell.m */ = {isa = PBXFileReference; fileEncoding = 4; lastKnownFileType = sourcecode.c.objc; name = NoteCell.m; path = Views/NoteCell.m; sourceTree = "<group>"; };
		7EE634AF1874D64C00F02C4B /* Arvil_Sans.ttf */ = {isa = PBXFileReference; lastKnownFileType = file; name = Arvil_Sans.ttf; path = Fonts/Arvil_Sans.ttf; sourceTree = "<group>"; };
		7EE634B01874D64C00F02C4B /* League Gothic.otf */ = {isa = PBXFileReference; lastKnownFileType = file; name = "League Gothic.otf"; path = "Fonts/League Gothic.otf"; sourceTree = "<group>"; };
		7EE634B11874D64C00F02C4B /* Mission-Script.otf */ = {isa = PBXFileReference; lastKnownFileType = file; name = "Mission-Script.otf"; path = "Fonts/Mission-Script.otf"; sourceTree = "<group>"; };
		7EE634B51874D66500F02C4B /* CharacterAddEdit.h */ = {isa = PBXFileReference; fileEncoding = 4; lastKnownFileType = sourcecode.c.h; name = CharacterAddEdit.h; path = Controllers/CharacterAddEdit.h; sourceTree = "<group>"; };
		7EE634B61874D66500F02C4B /* CharacterAddEdit.m */ = {isa = PBXFileReference; fileEncoding = 4; lastKnownFileType = sourcecode.c.objc; name = CharacterAddEdit.m; path = Controllers/CharacterAddEdit.m; sourceTree = "<group>"; };
		7EE634B71874D66500F02C4B /* CharacterList.h */ = {isa = PBXFileReference; fileEncoding = 4; lastKnownFileType = sourcecode.c.h; name = CharacterList.h; path = Controllers/CharacterList.h; sourceTree = "<group>"; };
		7EE634B81874D66500F02C4B /* CharacterList.m */ = {isa = PBXFileReference; fileEncoding = 4; lastKnownFileType = sourcecode.c.objc; name = CharacterList.m; path = Controllers/CharacterList.m; sourceTree = "<group>"; };
		7EE634BB1874D69600F02C4B /* Combat.h */ = {isa = PBXFileReference; fileEncoding = 4; lastKnownFileType = sourcecode.c.h; name = Combat.h; path = Controllers/Combat.h; sourceTree = "<group>"; };
		7EE634BC1874D69600F02C4B /* Combat.m */ = {isa = PBXFileReference; fileEncoding = 4; lastKnownFileType = sourcecode.c.objc; name = Combat.m; path = Controllers/Combat.m; sourceTree = "<group>"; };
		7EE634BD1874D69600F02C4B /* Damage.h */ = {isa = PBXFileReference; fileEncoding = 4; lastKnownFileType = sourcecode.c.h; name = Damage.h; path = Controllers/Damage.h; sourceTree = "<group>"; };
		7EE634BE1874D69600F02C4B /* Damage.m */ = {isa = PBXFileReference; fileEncoding = 4; lastKnownFileType = sourcecode.c.objc; name = Damage.m; path = Controllers/Damage.m; sourceTree = "<group>"; };
		7EE634BF1874D69600F02C4B /* Experience.h */ = {isa = PBXFileReference; fileEncoding = 4; lastKnownFileType = sourcecode.c.h; name = Experience.h; path = Controllers/Experience.h; sourceTree = "<group>"; };
		7EE634C01874D69600F02C4B /* Experience.m */ = {isa = PBXFileReference; fileEncoding = 4; lastKnownFileType = sourcecode.c.objc; name = Experience.m; path = Controllers/Experience.m; sourceTree = "<group>"; };
		7EE634C11874D69600F02C4B /* Gold.h */ = {isa = PBXFileReference; fileEncoding = 4; lastKnownFileType = sourcecode.c.h; name = Gold.h; path = Controllers/Gold.h; sourceTree = "<group>"; };
		7EE634C21874D69600F02C4B /* Gold.m */ = {isa = PBXFileReference; fileEncoding = 4; lastKnownFileType = sourcecode.c.objc; name = Gold.m; path = Controllers/Gold.m; sourceTree = "<group>"; };
		7EE634C31874D69600F02C4B /* Heal.h */ = {isa = PBXFileReference; fileEncoding = 4; lastKnownFileType = sourcecode.c.h; name = Heal.h; path = Controllers/Heal.h; sourceTree = "<group>"; };
		7EE634C41874D69600F02C4B /* Heal.m */ = {isa = PBXFileReference; fileEncoding = 4; lastKnownFileType = sourcecode.c.objc; name = Heal.m; path = Controllers/Heal.m; sourceTree = "<group>"; };
		7EE634C51874D69600F02C4B /* NoteAdd.h */ = {isa = PBXFileReference; fileEncoding = 4; lastKnownFileType = sourcecode.c.h; name = NoteAdd.h; path = Controllers/NoteAdd.h; sourceTree = "<group>"; };
		7EE634C61874D69600F02C4B /* NoteAdd.m */ = {isa = PBXFileReference; fileEncoding = 4; lastKnownFileType = sourcecode.c.objc; name = NoteAdd.m; path = Controllers/NoteAdd.m; sourceTree = "<group>"; };
		7EE634C71874D69600F02C4B /* Notes.h */ = {isa = PBXFileReference; fileEncoding = 4; lastKnownFileType = sourcecode.c.h; name = Notes.h; path = Controllers/Notes.h; sourceTree = "<group>"; };
		7EE634C81874D69600F02C4B /* Notes.m */ = {isa = PBXFileReference; fileEncoding = 4; lastKnownFileType = sourcecode.c.objc; name = Notes.m; path = Controllers/Notes.m; sourceTree = "<group>"; };
		7EE634C91874D69600F02C4B /* ReminderAdd.h */ = {isa = PBXFileReference; fileEncoding = 4; lastKnownFileType = sourcecode.c.h; name = ReminderAdd.h; path = Controllers/ReminderAdd.h; sourceTree = "<group>"; };
		7EE634CA1874D69600F02C4B /* ReminderAdd.m */ = {isa = PBXFileReference; fileEncoding = 4; lastKnownFileType = sourcecode.c.objc; name = ReminderAdd.m; path = Controllers/ReminderAdd.m; sourceTree = "<group>"; };
		7EE634CB1874D69600F02C4B /* Reminders.h */ = {isa = PBXFileReference; fileEncoding = 4; lastKnownFileType = sourcecode.c.h; name = Reminders.h; path = Controllers/Reminders.h; sourceTree = "<group>"; };
		7EE634CC1874D69600F02C4B /* Reminders.m */ = {isa = PBXFileReference; fileEncoding = 4; lastKnownFileType = sourcecode.c.objc; name = Reminders.m; path = Controllers/Reminders.m; sourceTree = "<group>"; };
		7EE634D61874D6DF00F02C4B /* ConditionAdd.h */ = {isa = PBXFileReference; fileEncoding = 4; lastKnownFileType = sourcecode.c.h; name = ConditionAdd.h; path = Controllers/ConditionAdd.h; sourceTree = "<group>"; };
		7EE634D71874D6DF00F02C4B /* ConditionAdd.m */ = {isa = PBXFileReference; fileEncoding = 4; lastKnownFileType = sourcecode.c.objc; name = ConditionAdd.m; path = Controllers/ConditionAdd.m; sourceTree = "<group>"; };
		7EE634D81874D6DF00F02C4B /* ConditionsList.h */ = {isa = PBXFileReference; fileEncoding = 4; lastKnownFileType = sourcecode.c.h; name = ConditionsList.h; path = Controllers/ConditionsList.h; sourceTree = "<group>"; };
		7EE634D91874D6DF00F02C4B /* ConditionsList.m */ = {isa = PBXFileReference; fileEncoding = 4; lastKnownFileType = sourcecode.c.objc; name = ConditionsList.m; path = Controllers/ConditionsList.m; sourceTree = "<group>"; };
		7EE634DC1874D70900F02C4B /* bg.png */ = {isa = PBXFileReference; lastKnownFileType = image.png; name = bg.png; path = Images/bg.png; sourceTree = "<group>"; };
		7EE634DD1874D70900F02C4B /* bg@2x.png */ = {isa = PBXFileReference; lastKnownFileType = image.png; name = "bg@2x.png"; path = "Images/bg@2x.png"; sourceTree = "<group>"; };
		7EE634DE1874D70900F02C4B /* bgLight.png */ = {isa = PBXFileReference; lastKnownFileType = image.png; name = bgLight.png; path = Images/bgLight.png; sourceTree = "<group>"; };
		7EE634DF1874D70900F02C4B /* bgLight@2x.png */ = {isa = PBXFileReference; lastKnownFileType = image.png; name = "bgLight@2x.png"; path = "Images/bgLight@2x.png"; sourceTree = "<group>"; };
		7EE634E11874D70900F02C4B /* bottomInner.png */ = {isa = PBXFileReference; lastKnownFileType = image.png; path = bottomInner.png; sourceTree = "<group>"; };
		7EE634E21874D70900F02C4B /* bottomInner@2x.png */ = {isa = PBXFileReference; lastKnownFileType = image.png; path = "bottomInner@2x.png"; sourceTree = "<group>"; };
		7EE634E31874D70900F02C4B /* bottomLeft.png */ = {isa = PBXFileReference; lastKnownFileType = image.png; path = bottomLeft.png; sourceTree = "<group>"; };
		7EE634E41874D70900F02C4B /* bottomLeft@2x.png */ = {isa = PBXFileReference; lastKnownFileType = image.png; path = "bottomLeft@2x.png"; sourceTree = "<group>"; };
		7EE634E51874D70900F02C4B /* lightInner.png */ = {isa = PBXFileReference; lastKnownFileType = image.png; path = lightInner.png; sourceTree = "<group>"; };
		7EE634E61874D70900F02C4B /* lightInner@2x.png */ = {isa = PBXFileReference; lastKnownFileType = image.png; path = "lightInner@2x.png"; sourceTree = "<group>"; };
		7EE634E71874D70900F02C4B /* lightRight.png */ = {isa = PBXFileReference; lastKnownFileType = image.png; path = lightRight.png; sourceTree = "<group>"; };
		7EE634E81874D70900F02C4B /* lightRight@2x.png */ = {isa = PBXFileReference; lastKnownFileType = image.png; path = "lightRight@2x.png"; sourceTree = "<group>"; };
		7EE634E91874D70900F02C4B /* startBg.png */ = {isa = PBXFileReference; lastKnownFileType = image.png; path = startBg.png; sourceTree = "<group>"; };
		7EE634EA1874D70900F02C4B /* startBg@2x.png */ = {isa = PBXFileReference; lastKnownFileType = image.png; path = "startBg@2x.png"; sourceTree = "<group>"; };
		7EE634EB1874D70900F02C4B /* topInner.png */ = {isa = PBXFileReference; lastKnownFileType = image.png; path = topInner.png; sourceTree = "<group>"; };
		7EE634EC1874D70900F02C4B /* topInner@2x.png */ = {isa = PBXFileReference; lastKnownFileType = image.png; path = "topInner@2x.png"; sourceTree = "<group>"; };
		7EE634ED1874D70900F02C4B /* topLeftCorner.png */ = {isa = PBXFileReference; lastKnownFileType = image.png; path = topLeftCorner.png; sourceTree = "<group>"; };
		7EE634EE1874D70900F02C4B /* topLeftCorner@2x.png */ = {isa = PBXFileReference; lastKnownFileType = image.png; path = "topLeftCorner@2x.png"; sourceTree = "<group>"; };
		7EE634EF1874D70900F02C4B /* topRightCorner.png */ = {isa = PBXFileReference; lastKnownFileType = image.png; path = topRightCorner.png; sourceTree = "<group>"; };
		7EE634F01874D70900F02C4B /* topRightCorner@2x.png */ = {isa = PBXFileReference; lastKnownFileType = image.png; path = "topRightCorner@2x.png"; sourceTree = "<group>"; };
		7EE634F21874D70900F02C4B /* bandaid.png */ = {isa = PBXFileReference; lastKnownFileType = image.png; path = bandaid.png; sourceTree = "<group>"; };
		7EE634F31874D70900F02C4B /* bandaid@2x.png */ = {isa = PBXFileReference; lastKnownFileType = image.png; path = "bandaid@2x.png"; sourceTree = "<group>"; };
		7EE634F41874D70900F02C4B /* bell.png */ = {isa = PBXFileReference; lastKnownFileType = image.png; path = bell.png; sourceTree = "<group>"; };
		7EE634F51874D70900F02C4B /* bell@2x.png */ = {isa = PBXFileReference; lastKnownFileType = image.png; path = "bell@2x.png"; sourceTree = "<group>"; };
		7EE634F61874D70900F02C4B /* hourglass.png */ = {isa = PBXFileReference; lastKnownFileType = image.png; path = hourglass.png; sourceTree = "<group>"; };
		7EE634F71874D70900F02C4B /* hourglass@2x.png */ = {isa = PBXFileReference; lastKnownFileType = image.png; path = "hourglass@2x.png"; sourceTree = "<group>"; };
		7EE634F81874D70900F02C4B /* icon-characters.png */ = {isa = PBXFileReference; lastKnownFileType = image.png; path = "icon-characters.png"; sourceTree = "<group>"; };
		7EE634F91874D70900F02C4B /* icon-characters@2x.png */ = {isa = PBXFileReference; lastKnownFileType = image.png; path = "icon-characters@2x.png"; sourceTree = "<group>"; };
		7EE634FA1874D70900F02C4B /* iconDamage.png */ = {isa = PBXFileReference; lastKnownFileType = image.png; path = iconDamage.png; sourceTree = "<group>"; };
		7EE634FB1874D70900F02C4B /* iconDamage@2x.png */ = {isa = PBXFileReference; lastKnownFileType = image.png; path = "iconDamage@2x.png"; sourceTree = "<group>"; };
		7EE634FC1874D70900F02C4B /* scroll.png */ = {isa = PBXFileReference; lastKnownFileType = image.png; path = scroll.png; sourceTree = "<group>"; };
		7EE634FD1874D70900F02C4B /* scroll@2x.png */ = {isa = PBXFileReference; lastKnownFileType = image.png; path = "scroll@2x.png"; sourceTree = "<group>"; };
		7EE634FE1874D70900F02C4B /* shield.png */ = {isa = PBXFileReference; lastKnownFileType = image.png; path = shield.png; sourceTree = "<group>"; };
		7EE634FF1874D70900F02C4B /* shield@2x.png */ = {isa = PBXFileReference; lastKnownFileType = image.png; path = "shield@2x.png"; sourceTree = "<group>"; };
		7EE635001874D70900F02C4B /* swords.png */ = {isa = PBXFileReference; lastKnownFileType = image.png; path = swords.png; sourceTree = "<group>"; };
		7EE635011874D70900F02C4B /* swords@2x.png */ = {isa = PBXFileReference; lastKnownFileType = image.png; path = "swords@2x.png"; sourceTree = "<group>"; };
		7EE635021874D70900F02C4B /* keyboardControlBg.png */ = {isa = PBXFileReference; lastKnownFileType = image.png; name = keyboardControlBg.png; path = Images/keyboardControlBg.png; sourceTree = "<group>"; };
		7EE635031874D70900F02C4B /* keyboardControlBg@2x.png */ = {isa = PBXFileReference; lastKnownFileType = image.png; name = "keyboardControlBg@2x.png"; path = "Images/keyboardControlBg@2x.png"; sourceTree = "<group>"; };
		7EE635041874D70900F02C4B /* navbar.png */ = {isa = PBXFileReference; lastKnownFileType = image.png; name = navbar.png; path = Images/navbar.png; sourceTree = "<group>"; };
		7EE635051874D70900F02C4B /* navBg.png */ = {isa = PBXFileReference; lastKnownFileType = image.png; name = navBg.png; path = Images/navBg.png; sourceTree = "<group>"; };
		7EE635061874D70900F02C4B /* navBg@2x.png */ = {isa = PBXFileReference; lastKnownFileType = image.png; name = "navBg@2x.png"; path = "Images/navBg@2x.png"; sourceTree = "<group>"; };
		7EE635071874D70900F02C4B /* noPhoto.png */ = {isa = PBXFileReference; lastKnownFileType = image.png; name = noPhoto.png; path = Images/noPhoto.png; sourceTree = "<group>"; };
		7EE635081874D70900F02C4B /* noPhoto@2x.png */ = {isa = PBXFileReference; lastKnownFileType = image.png; name = "noPhoto@2x.png"; path = "Images/noPhoto@2x.png"; sourceTree = "<group>"; };
		7EE635091874D70900F02C4B /* sectionHeader.png */ = {isa = PBXFileReference; lastKnownFileType = image.png; name = sectionHeader.png; path = Images/sectionHeader.png; sourceTree = "<group>"; };
		7EE6350A1874D70900F02C4B /* tableBg.png */ = {isa = PBXFileReference; lastKnownFileType = image.png; name = tableBg.png; path = Images/tableBg.png; sourceTree = "<group>"; };
		7EE6350B1874D70900F02C4B /* tableViewSelected.png */ = {isa = PBXFileReference; lastKnownFileType = image.png; name = tableViewSelected.png; path = Images/tableViewSelected.png; sourceTree = "<group>"; };
		7EE6353A187516A700F02C4B /* iPhoneRetina.png */ = {isa = PBXFileReference; lastKnownFileType = image.png; path = iPhoneRetina.png; sourceTree = "<group>"; };
		7EE6353C187516DB00F02C4B /* iPhoneSpotlight.png */ = {isa = PBXFileReference; lastKnownFileType = image.png; path = iPhoneSpotlight.png; sourceTree = "<group>"; };
		7EE6353E1875170A00F02C4B /* iPhoneSettings.png */ = {isa = PBXFileReference; lastKnownFileType = image.png; path = iPhoneSettings.png; sourceTree = "<group>"; };
		7EE80F6816CFE57B005D576D /* QuartzCore.framework */ = {isa = PBXFileReference; lastKnownFileType = wrapper.framework; name = QuartzCore.framework; path = System/Library/Frameworks/QuartzCore.framework; sourceTree = SDKROOT; };
/* End PBXFileReference section */

/* Begin PBXFrameworksBuildPhase section */
		7ED04E1416738F9F00BABBA1 /* Frameworks */ = {
			isa = PBXFrameworksBuildPhase;
			buildActionMask = 2147483647;
			files = (
				7E594E3B188AD9FF004365EE /* StoreKit.framework in Frameworks */,
				7EE80F6916CFE57B005D576D /* QuartzCore.framework in Frameworks */,
				7ED04E1C16738F9F00BABBA1 /* UIKit.framework in Frameworks */,
				7ED04E1E16738F9F00BABBA1 /* Foundation.framework in Frameworks */,
				7ED04E2016738F9F00BABBA1 /* CoreGraphics.framework in Frameworks */,
				7ED04E2216738F9F00BABBA1 /* CoreData.framework in Frameworks */,
			);
			runOnlyForDeploymentPostprocessing = 0;
		};
/* End PBXFrameworksBuildPhase section */

/* Begin PBXGroup section */
		7E1E5A6918679125004F3380 /* Custom Views */ = {
			isa = PBXGroup;
			children = (
				7EE634AC1874D63600F02C4B /* NoteCell.h */,
				7EE634AD1874D63600F02C4B /* NoteCell.m */,
			);
			name = "Custom Views";
			path = Bandit4e;
			sourceTree = "<group>";
		};
		7E594E36188AD840004365EE /* Store */ = {
			isa = PBXGroup;
			children = (
				7E594E37188AD869004365EE /* Store.h */,
				7E594E38188AD869004365EE /* Store.m */,
			);
			name = Store;
			sourceTree = "<group>";
		};
		7E594E3C188AF97D004365EE /* IAPHelper */ = {
			isa = PBXGroup;
			children = (
				7E594E3D188AF97D004365EE /* IAPHelper.h */,
				7E594E3E188AF97D004365EE /* IAPHelper.m */,
			);
			path = IAPHelper;
			sourceTree = "<group>";
		};
		7E594E40188AFA17004365EE /* IAPBanditHelper */ = {
			isa = PBXGroup;
			children = (
				7E594E41188AFA69004365EE /* IAPBanditHelper.h */,
				7E594E42188AFA69004365EE /* IAPBanditHelper.m */,
			);
			name = IAPBanditHelper;
			sourceTree = "<group>";
		};
		7E74437216C86A6C00CD314A /* Images */ = {
			isa = PBXGroup;
			children = (
				7E21F3941885C46B00A9BCB3 /* bandit4e_title.png */,
				7E21F3951885C46B00A9BCB3 /* bandit4e_title@2x.png */,
				7E21F38A1884CFC500A9BCB3 /* sampreston_quick.png */,
				7EE634DC1874D70900F02C4B /* bg.png */,
				7EE634DD1874D70900F02C4B /* bg@2x.png */,
				7EE634DE1874D70900F02C4B /* bgLight.png */,
				7EE634DF1874D70900F02C4B /* bgLight@2x.png */,
				7EE634E01874D70900F02C4B /* CombatButtons */,
				7EE634F11874D70900F02C4B /* Icons */,
				7EE635021874D70900F02C4B /* keyboardControlBg.png */,
				7EE635031874D70900F02C4B /* keyboardControlBg@2x.png */,
				7EE635041874D70900F02C4B /* navbar.png */,
				7EE635051874D70900F02C4B /* navBg.png */,
				7EE635061874D70900F02C4B /* navBg@2x.png */,
				7EE635071874D70900F02C4B /* noPhoto.png */,
				7EE635081874D70900F02C4B /* noPhoto@2x.png */,
				7EE635091874D70900F02C4B /* sectionHeader.png */,
				7EE6350A1874D70900F02C4B /* tableBg.png */,
				7EE6350B1874D70900F02C4B /* tableViewSelected.png */,
			);
			name = Images;
			path = Bandit4e;
			sourceTree = "<group>";
		};
		7E750F6316E0EDC200A3374C /* CustomBadge */ = {
			isa = PBXGroup;
			children = (
				7E750F6416E0EDD500A3374C /* CustomBadge.h */,
				7E750F6516E0EDD500A3374C /* CustomBadge.m */,
			);
			name = CustomBadge;
			sourceTree = "<group>";
		};
		7ED04E0C16738F9F00BABBA1 = {
			isa = PBXGroup;
			children = (
				7E594E34188AD06D004365EE /* product_ids.plist */,
				7EE6353E1875170A00F02C4B /* iPhoneSettings.png */,
				7EE6353C187516DB00F02C4B /* iPhoneSpotlight.png */,
				7EE6353A187516A700F02C4B /* iPhoneRetina.png */,
				7ED9657016F6448F009FDB5A /* Default-568h@2x.png */,
				7ED9656616F5F9BA009FDB5A /* Icon.png */,
				7ED9656716F5F9BA009FDB5A /* Icon@2x.png */,
				7ED04E2C16738F9F00BABBA1 /* AppDelegate.h */,
				7ED04E2D16738F9F00BABBA1 /* AppDelegate.m */,
				7E4CBFA61837FF0F00F684C3 /* Main.storyboard */,
				7ED04E411673905200BABBA1 /* CoreData */,
				7EE80F7C16CFFB4D005D576D /* Controllers */,
				7EE80F5016CFD861005D576D /* Fonts */,
				7E74437216C86A6C00CD314A /* Images */,
				7E1E5A6918679125004F3380 /* Custom Views */,
				7ED04E421673A30900BABBA1 /* Helpers */,
				7ED04E2416738F9F00BABBA1 /* Supporting Files */,
				7ED04E1A16738F9F00BABBA1 /* Frameworks */,
				7ED04E1816738F9F00BABBA1 /* Products */,
			);
			sourceTree = "<group>";
		};
		7ED04E1816738F9F00BABBA1 /* Products */ = {
			isa = PBXGroup;
			children = (
				7ED04E1716738F9F00BABBA1 /* Bandit4e.app */,
			);
			name = Products;
			sourceTree = "<group>";
		};
		7ED04E1A16738F9F00BABBA1 /* Frameworks */ = {
			isa = PBXGroup;
			children = (
				7E594E3A188AD9FF004365EE /* StoreKit.framework */,
				7EE80F6816CFE57B005D576D /* QuartzCore.framework */,
				7ED04E1B16738F9F00BABBA1 /* UIKit.framework */,
				7ED04E1D16738F9F00BABBA1 /* Foundation.framework */,
				7ED04E1F16738F9F00BABBA1 /* CoreGraphics.framework */,
				7ED04E2116738F9F00BABBA1 /* CoreData.framework */,
			);
			name = Frameworks;
			sourceTree = "<group>";
		};
		7ED04E2416738F9F00BABBA1 /* Supporting Files */ = {
			isa = PBXGroup;
			children = (
				7ED04E2516738F9F00BABBA1 /* Bandit4e-Info.plist */,
				7ED04E2616738F9F00BABBA1 /* InfoPlist.strings */,
				7ED04E2916738F9F00BABBA1 /* main.m */,
				7ED04E2B16738F9F00BABBA1 /* Bandit4e-Prefix.pch */,
				7ED04E2F16738FA000BABBA1 /* Default.png */,
				7ED04E3116738FA000BABBA1 /* Default@2x.png */,
				7ED04E3316738FA000BABBA1 /* Default-568h@2x.png */,
			);
			name = "Supporting Files";
			path = Bandit4e;
			sourceTree = "<group>";
		};
		7ED04E411673905200BABBA1 /* CoreData */ = {
			isa = PBXGroup;
			children = (
				7ED04E3516738FA000BABBA1 /* Bandit4e.xcdatamodeld */,
				7ED04E541673C09700BABBA1 /* Condition.h */,
				7ED04E551673C09700BABBA1 /* Condition.m */,
				7ED04E511673C09700BABBA1 /* Reminder.h */,
				7ED04E521673C09700BABBA1 /* Reminder.m */,
				7ED04E4E1673C09700BABBA1 /* Note.h */,
				7ED04E4F1673C09700BABBA1 /* Note.m */,
				7ED4A0A91673DD4400376255 /* Character.h */,
				7ED4A0AA1673DD4400376255 /* Character.m */,
			);
			name = CoreData;
			sourceTree = "<group>";
		};
		7ED04E421673A30900BABBA1 /* Helpers */ = {
			isa = PBXGroup;
			children = (
				7E594E40188AFA17004365EE /* IAPBanditHelper */,
				7E594E3C188AF97D004365EE /* IAPHelper */,
				7EE31F541869FFA200237587 /* CLTurnQueue */,
				7E750F6316E0EDC200A3374C /* CustomBadge */,
				7E39CE2116C9E1B300F5582D /* UIHelpers.h */,
				7E39CE2216C9E1B300F5582D /* UIHelpers.m */,
				7ED4A09D1673D36400376255 /* BSKeyboardControls */,
				7ED04E441673A33D00BABBA1 /* CoreDataHelper.h */,
				7ED04E431673A33D00BABBA1 /* CoreDataHelper.m */,
				7E464C8116D94A5E00C37390 /* Constants.h */,
				7E464C8216D94A5E00C37390 /* Constants.m */,
			);
			name = Helpers;
			sourceTree = "<group>";
		};
		7ED4A09D1673D36400376255 /* BSKeyboardControls */ = {
			isa = PBXGroup;
			children = (
				7ED4A09E1673D36400376255 /* BSKeyboardControls.h */,
				7ED4A09F1673D36400376255 /* BSKeyboardControls.m */,
				7ED4A0A01673D36400376255 /* BSKeyboardControls.strings */,
			);
			path = BSKeyboardControls;
			sourceTree = "<group>";
		};
		7ED9657416F6639E009FDB5A /* Conditions */ = {
			isa = PBXGroup;
			children = (
				7EE634D61874D6DF00F02C4B /* ConditionAdd.h */,
				7EE634D71874D6DF00F02C4B /* ConditionAdd.m */,
				7EE634D81874D6DF00F02C4B /* ConditionsList.h */,
				7EE634D91874D6DF00F02C4B /* ConditionsList.m */,
			);
			name = Conditions;
			sourceTree = "<group>";
		};
		7EE31F541869FFA200237587 /* CLTurnQueue */ = {
			isa = PBXGroup;
			children = (
				7EE31F551869FFCA00237587 /* CLTurnQueue.h */,
				7EE31F561869FFCA00237587 /* CLTurnQueue.m */,
			);
			name = CLTurnQueue;
			sourceTree = "<group>";
		};
		7EE634E01874D70900F02C4B /* CombatButtons */ = {
			isa = PBXGroup;
			children = (
				7EE634E11874D70900F02C4B /* bottomInner.png */,
				7EE634E21874D70900F02C4B /* bottomInner@2x.png */,
				7EE634E31874D70900F02C4B /* bottomLeft.png */,
				7EE634E41874D70900F02C4B /* bottomLeft@2x.png */,
				7EE634E51874D70900F02C4B /* lightInner.png */,
				7EE634E61874D70900F02C4B /* lightInner@2x.png */,
				7EE634E71874D70900F02C4B /* lightRight.png */,
				7EE634E81874D70900F02C4B /* lightRight@2x.png */,
				7EE634E91874D70900F02C4B /* startBg.png */,
				7EE634EA1874D70900F02C4B /* startBg@2x.png */,
				7EE634EB1874D70900F02C4B /* topInner.png */,
				7EE634EC1874D70900F02C4B /* topInner@2x.png */,
				7EE634ED1874D70900F02C4B /* topLeftCorner.png */,
				7EE634EE1874D70900F02C4B /* topLeftCorner@2x.png */,
				7EE634EF1874D70900F02C4B /* topRightCorner.png */,
				7EE634F01874D70900F02C4B /* topRightCorner@2x.png */,
			);
			name = CombatButtons;
			path = Images/CombatButtons;
			sourceTree = "<group>";
		};
		7EE634F11874D70900F02C4B /* Icons */ = {
			isa = PBXGroup;
			children = (
				7E6360671881D88200A48BDA /* edit-icon.png */,
				7E6360681881D88200A48BDA /* edit-icon@2x.png */,
				7EE634F21874D70900F02C4B /* bandaid.png */,
				7EE634F31874D70900F02C4B /* bandaid@2x.png */,
				7EE634F41874D70900F02C4B /* bell.png */,
				7EE634F51874D70900F02C4B /* bell@2x.png */,
				7EE634F61874D70900F02C4B /* hourglass.png */,
				7EE634F71874D70900F02C4B /* hourglass@2x.png */,
				7EE634F81874D70900F02C4B /* icon-characters.png */,
				7EE634F91874D70900F02C4B /* icon-characters@2x.png */,
				7EE634FA1874D70900F02C4B /* iconDamage.png */,
				7EE634FB1874D70900F02C4B /* iconDamage@2x.png */,
				7EE634FC1874D70900F02C4B /* scroll.png */,
				7EE634FD1874D70900F02C4B /* scroll@2x.png */,
				7EE634FE1874D70900F02C4B /* shield.png */,
				7EE634FF1874D70900F02C4B /* shield@2x.png */,
				7EE635001874D70900F02C4B /* swords.png */,
				7EE635011874D70900F02C4B /* swords@2x.png */,
			);
			name = Icons;
			path = Images/Icons;
			sourceTree = "<group>";
		};
		7EE80F5016CFD861005D576D /* Fonts */ = {
			isa = PBXGroup;
			children = (
				7EE634AF1874D64C00F02C4B /* Arvil_Sans.ttf */,
				7EE634B01874D64C00F02C4B /* League Gothic.otf */,
				7EE634B11874D64C00F02C4B /* Mission-Script.otf */,
			);
			name = Fonts;
			path = Bandit4e;
			sourceTree = "<group>";
		};
		7EE80F7C16CFFB4D005D576D /* Controllers */ = {
			isa = PBXGroup;
			children = (
				7E594E36188AD840004365EE /* Store */,
				7EE80F7E16CFFB81005D576D /* Characters */,
				7EE80F7D16CFFB70005D576D /* Combat */,
				7ED9657416F6639E009FDB5A /* Conditions */,
			);
			name = Controllers;
			path = Bandit4e;
			sourceTree = "<group>";
		};
		7EE80F7D16CFFB70005D576D /* Combat */ = {
			isa = PBXGroup;
			children = (
				7EE634BB1874D69600F02C4B /* Combat.h */,
				7EE634BC1874D69600F02C4B /* Combat.m */,
				7EE634BD1874D69600F02C4B /* Damage.h */,
				7EE634BE1874D69600F02C4B /* Damage.m */,
				7EE634BF1874D69600F02C4B /* Experience.h */,
				7EE634C01874D69600F02C4B /* Experience.m */,
				7EE634C11874D69600F02C4B /* Gold.h */,
				7EE634C21874D69600F02C4B /* Gold.m */,
				7EE634C31874D69600F02C4B /* Heal.h */,
				7EE634C41874D69600F02C4B /* Heal.m */,
				7EE634C51874D69600F02C4B /* NoteAdd.h */,
				7EE634C61874D69600F02C4B /* NoteAdd.m */,
				7EE634C71874D69600F02C4B /* Notes.h */,
				7EE634C81874D69600F02C4B /* Notes.m */,
				7EE634C91874D69600F02C4B /* ReminderAdd.h */,
				7EE634CA1874D69600F02C4B /* ReminderAdd.m */,
				7EE634CB1874D69600F02C4B /* Reminders.h */,
				7EE634CC1874D69600F02C4B /* Reminders.m */,
			);
			name = Combat;
			sourceTree = "<group>";
		};
		7EE80F7E16CFFB81005D576D /* Characters */ = {
			isa = PBXGroup;
			children = (
				7EE634B51874D66500F02C4B /* CharacterAddEdit.h */,
				7EE634B61874D66500F02C4B /* CharacterAddEdit.m */,
				7EE634B71874D66500F02C4B /* CharacterList.h */,
				7EE634B81874D66500F02C4B /* CharacterList.m */,
			);
			name = Characters;
			sourceTree = "<group>";
		};
/* End PBXGroup section */

/* Begin PBXNativeTarget section */
		7ED04E1616738F9F00BABBA1 /* Bandit4e */ = {
			isa = PBXNativeTarget;
			buildConfigurationList = 7ED04E3A16738FA000BABBA1 /* Build configuration list for PBXNativeTarget "Bandit4e" */;
			buildPhases = (
				7ED04E1316738F9F00BABBA1 /* Sources */,
				7ED04E1416738F9F00BABBA1 /* Frameworks */,
				7ED04E1516738F9F00BABBA1 /* Resources */,
			);
			buildRules = (
			);
			dependencies = (
			);
			name = Bandit4e;
			productName = Bandit4e;
			productReference = 7ED04E1716738F9F00BABBA1 /* Bandit4e.app */;
			productType = "com.apple.product-type.application";
		};
/* End PBXNativeTarget section */

/* Begin PBXProject section */
		7ED04E0E16738F9F00BABBA1 /* Project object */ = {
			isa = PBXProject;
			attributes = {
				LastUpgradeCheck = 0450;
				ORGANIZATIONNAME = Fragment;
				TargetAttributes = {
					7ED04E1616738F9F00BABBA1 = {
						DevelopmentTeam = BD32YEWV62;
					};
				};
			};
			buildConfigurationList = 7ED04E1116738F9F00BABBA1 /* Build configuration list for PBXProject "Bandit4e" */;
			compatibilityVersion = "Xcode 3.2";
			developmentRegion = English;
			hasScannedForEncodings = 0;
			knownRegions = (
				en,
				da,
			);
			mainGroup = 7ED04E0C16738F9F00BABBA1;
			productRefGroup = 7ED04E1816738F9F00BABBA1 /* Products */;
			projectDirPath = "";
			projectRoot = "";
			targets = (
				7ED04E1616738F9F00BABBA1 /* Bandit4e */,
			);
		};
/* End PBXProject section */

/* Begin PBXResourcesBuildPhase section */
		7ED04E1516738F9F00BABBA1 /* Resources */ = {
			isa = PBXResourcesBuildPhase;
			buildActionMask = 2147483647;
			files = (
				7EE6352C1874D70900F02C4B /* shield.png in Resources */,
				7EE635351874D70900F02C4B /* noPhoto.png in Resources */,
				7EE6350C1874D70900F02C4B /* bg.png in Resources */,
				7EE635331874D70900F02C4B /* navBg.png in Resources */,
				7E6360691881D88200A48BDA /* edit-icon.png in Resources */,
				7EE635271874D70900F02C4B /* icon-characters@2x.png in Resources */,
				7ED04E2816738F9F00BABBA1 /* InfoPlist.strings in Resources */,
				7EE635201874D70900F02C4B /* bandaid.png in Resources */,
				7EE635231874D70900F02C4B /* bell@2x.png in Resources */,
				7EE635301874D70900F02C4B /* keyboardControlBg.png in Resources */,
				7ED04E3016738FA000BABBA1 /* Default.png in Resources */,
				7EE635261874D70900F02C4B /* icon-characters.png in Resources */,
				7EE6350D1874D70900F02C4B /* bg@2x.png in Resources */,
				7EE635321874D70900F02C4B /* navbar.png in Resources */,
				7ED04E3216738FA000BABBA1 /* Default@2x.png in Resources */,
				7E21F38B1884CFC500A9BCB3 /* sampreston_quick.png in Resources */,
				7E21F3971885C46B00A9BCB3 /* bandit4e_title@2x.png in Resources */,
				7EE6352B1874D70900F02C4B /* scroll@2x.png in Resources */,
				7ED04E3416738FA000BABBA1 /* Default-568h@2x.png in Resources */,
				7EE635161874D70900F02C4B /* lightRight.png in Resources */,
				7EE635251874D70900F02C4B /* hourglass@2x.png in Resources */,
				7EE635381874D70900F02C4B /* tableBg.png in Resources */,
				7EE635181874D70900F02C4B /* startBg.png in Resources */,
				7E594E35188AD06D004365EE /* product_ids.plist in Resources */,
				7EE635121874D70900F02C4B /* bottomLeft.png in Resources */,
				7EE6351E1874D70900F02C4B /* topRightCorner.png in Resources */,
				7EE635141874D70900F02C4B /* lightInner.png in Resources */,
				7EE6353D187516DB00F02C4B /* iPhoneSpotlight.png in Resources */,
				7E4CBFA71837FF0F00F684C3 /* Main.storyboard in Resources */,
				7EE6353B187516A700F02C4B /* iPhoneRetina.png in Resources */,
				7EE6351F1874D70900F02C4B /* topRightCorner@2x.png in Resources */,
				7EE6351B1874D70900F02C4B /* topInner@2x.png in Resources */,
				7EE6352E1874D70900F02C4B /* swords.png in Resources */,
				7EE635371874D70900F02C4B /* sectionHeader.png in Resources */,
				7EE6351C1874D70900F02C4B /* topLeftCorner.png in Resources */,
				7EE635101874D70900F02C4B /* bottomInner.png in Resources */,
				7E21F3961885C46B00A9BCB3 /* bandit4e_title.png in Resources */,
				7EE635111874D70900F02C4B /* bottomInner@2x.png in Resources */,
				7EE6353F1875170A00F02C4B /* iPhoneSettings.png in Resources */,
				7ED4A0A41673D36400376255 /* BSKeyboardControls.strings in Resources */,
				7EE634B21874D64C00F02C4B /* Arvil_Sans.ttf in Resources */,
				7EE635361874D70900F02C4B /* noPhoto@2x.png in Resources */,
				7EE635211874D70900F02C4B /* bandaid@2x.png in Resources */,
				7EE6352F1874D70900F02C4B /* swords@2x.png in Resources */,
				7EE6352D1874D70900F02C4B /* shield@2x.png in Resources */,
				7EE635221874D70900F02C4B /* bell.png in Resources */,
				7EE635391874D70900F02C4B /* tableViewSelected.png in Resources */,
				7E63606A1881D88200A48BDA /* edit-icon@2x.png in Resources */,
				7EE635311874D70900F02C4B /* keyboardControlBg@2x.png in Resources */,
				7EE634B31874D64C00F02C4B /* League Gothic.otf in Resources */,
				7EE635151874D70900F02C4B /* lightInner@2x.png in Resources */,
				7EE6350E1874D70900F02C4B /* bgLight.png in Resources */,
				7EE634B41874D64C00F02C4B /* Mission-Script.otf in Resources */,
				7EE6351A1874D70900F02C4B /* topInner.png in Resources */,
				7EE635241874D70900F02C4B /* hourglass.png in Resources */,
				7EE6351D1874D70900F02C4B /* topLeftCorner@2x.png in Resources */,
				7EE6350F1874D70900F02C4B /* bgLight@2x.png in Resources */,
				7ED9656E16F5FEE3009FDB5A /* Icon.png in Resources */,
				7EE635341874D70900F02C4B /* navBg@2x.png in Resources */,
				7EE635171874D70900F02C4B /* lightRight@2x.png in Resources */,
				7EE635191874D70900F02C4B /* startBg@2x.png in Resources */,
				7EE635281874D70900F02C4B /* iconDamage.png in Resources */,
				7EE6352A1874D70900F02C4B /* scroll.png in Resources */,
				7EE635291874D70900F02C4B /* iconDamage@2x.png in Resources */,
				7ED9656F16F5FEE8009FDB5A /* Icon@2x.png in Resources */,
				7EE635131874D70900F02C4B /* bottomLeft@2x.png in Resources */,
				7ED9657116F6448F009FDB5A /* Default-568h@2x.png in Resources */,
			);
			runOnlyForDeploymentPostprocessing = 0;
		};
/* End PBXResourcesBuildPhase section */

/* Begin PBXSourcesBuildPhase section */
		7ED04E1316738F9F00BABBA1 /* Sources */ = {
			isa = PBXSourcesBuildPhase;
			buildActionMask = 2147483647;
			files = (
				7ED04E2A16738F9F00BABBA1 /* main.m in Sources */,
				7EE634DB1874D6DF00F02C4B /* ConditionsList.m in Sources */,
				7ED04E2E16738F9F00BABBA1 /* AppDelegate.m in Sources */,
				7E594E39188AD869004365EE /* Store.m in Sources */,
				7ED04E3716738FA000BABBA1 /* Bandit4e.xcdatamodeld in Sources */,
				7E594E3F188AF97D004365EE /* IAPHelper.m in Sources */,
				7EE634CD1874D69600F02C4B /* Combat.m in Sources */,
				7EE634B91874D66500F02C4B /* CharacterAddEdit.m in Sources */,
				7ED04E451673A33D00BABBA1 /* CoreDataHelper.m in Sources */,
				7ED04E501673C09700BABBA1 /* Note.m in Sources */,
				7ED04E531673C09700BABBA1 /* Reminder.m in Sources */,
				7ED04E561673C09700BABBA1 /* Condition.m in Sources */,
				7ED4A0A31673D36400376255 /* BSKeyboardControls.m in Sources */,
				7ED4A0AB1673DD4400376255 /* Character.m in Sources */,
				7EE634DA1874D6DF00F02C4B /* ConditionAdd.m in Sources */,
				7EE634D31874D69600F02C4B /* Notes.m in Sources */,
				7EE634AE1874D63600F02C4B /* NoteCell.m in Sources */,
				7E39CE2316C9E1B300F5582D /* UIHelpers.m in Sources */,
				7E464C8316D94A5E00C37390 /* Constants.m in Sources */,
				7EE634D41874D69600F02C4B /* ReminderAdd.m in Sources */,
				7EE31F571869FFCA00237587 /* CLTurnQueue.m in Sources */,
				7E750F6616E0EDD500A3374C /* CustomBadge.m in Sources */,
				7EE634D51874D69600F02C4B /* Reminders.m in Sources */,
				7EE634CF1874D69600F02C4B /* Experience.m in Sources */,
				7E594E43188AFA69004365EE /* IAPBanditHelper.m in Sources */,
				7EE634D01874D69600F02C4B /* Gold.m in Sources */,
				7EE634D11874D69600F02C4B /* Heal.m in Sources */,
				7EE634D21874D69600F02C4B /* NoteAdd.m in Sources */,
				7EE634BA1874D66500F02C4B /* CharacterList.m in Sources */,
				7EE634CE1874D69600F02C4B /* Damage.m in Sources */,
			);
			runOnlyForDeploymentPostprocessing = 0;
		};
/* End PBXSourcesBuildPhase section */

/* Begin PBXVariantGroup section */
		7ED04E2616738F9F00BABBA1 /* InfoPlist.strings */ = {
			isa = PBXVariantGroup;
			children = (
				7ED04E2716738F9F00BABBA1 /* en */,
			);
			name = InfoPlist.strings;
			sourceTree = "<group>";
		};
		7ED4A0A01673D36400376255 /* BSKeyboardControls.strings */ = {
			isa = PBXVariantGroup;
			children = (
				7ED4A0A11673D36400376255 /* da */,
				7ED4A0A21673D36400376255 /* en */,
			);
			name = BSKeyboardControls.strings;
			sourceTree = "<group>";
		};
/* End PBXVariantGroup section */

/* Begin XCBuildConfiguration section */
		7ED04E3816738FA000BABBA1 /* Debug */ = {
			isa = XCBuildConfiguration;
			buildSettings = {
				ALWAYS_SEARCH_USER_PATHS = NO;
				CLANG_CXX_LANGUAGE_STANDARD = "gnu++0x";
				CLANG_CXX_LIBRARY = "libc++";
				CLANG_ENABLE_OBJC_ARC = YES;
				CLANG_WARN_EMPTY_BODY = YES;
				CLANG_WARN__DUPLICATE_METHOD_MATCH = YES;
				CODE_SIGN_IDENTITY = "iPhone Distribution: Cameron Lockey (BD32YEWV62)";
				"CODE_SIGN_IDENTITY[sdk=iphoneos*]" = "";
				COPY_PHASE_STRIP = NO;
				GCC_C_LANGUAGE_STANDARD = gnu99;
				GCC_DYNAMIC_NO_PIC = NO;
				GCC_OPTIMIZATION_LEVEL = 0;
				GCC_PREPROCESSOR_DEFINITIONS = (
					"DEBUG=1",
					"$(inherited)",
				);
				GCC_SYMBOLS_PRIVATE_EXTERN = NO;
				GCC_WARN_ABOUT_RETURN_TYPE = YES;
				GCC_WARN_UNINITIALIZED_AUTOS = YES;
				GCC_WARN_UNUSED_VARIABLE = YES;
				IPHONEOS_DEPLOYMENT_TARGET = 7.0;
				ONLY_ACTIVE_ARCH = YES;
				PROVISIONING_PROFILE = "D81965EB-1C1F-4934-B57A-50252F0CBF15";
				SDKROOT = iphoneos;
			};
			name = Debug;
		};
		7ED04E3916738FA000BABBA1 /* Release */ = {
			isa = XCBuildConfiguration;
			buildSettings = {
				ALWAYS_SEARCH_USER_PATHS = NO;
				CLANG_CXX_LANGUAGE_STANDARD = "gnu++0x";
				CLANG_CXX_LIBRARY = "libc++";
				CLANG_ENABLE_OBJC_ARC = YES;
				CLANG_WARN_EMPTY_BODY = YES;
				CLANG_WARN__DUPLICATE_METHOD_MATCH = YES;
				CODE_SIGN_IDENTITY = "iPhone Distribution: Cameron Lockey (BD32YEWV62)";
				"CODE_SIGN_IDENTITY[sdk=iphoneos*]" = "";
				COPY_PHASE_STRIP = YES;
				GCC_C_LANGUAGE_STANDARD = gnu99;
				GCC_WARN_ABOUT_RETURN_TYPE = YES;
				GCC_WARN_UNINITIALIZED_AUTOS = YES;
				GCC_WARN_UNUSED_VARIABLE = YES;
				IPHONEOS_DEPLOYMENT_TARGET = 7.0;
				OTHER_CFLAGS = "-DNS_BLOCK_ASSERTIONS=1";
				PROVISIONING_PROFILE = "D81965EB-1C1F-4934-B57A-50252F0CBF15";
				SDKROOT = iphoneos;
				VALIDATE_PRODUCT = YES;
			};
			name = Release;
		};
		7ED04E3B16738FA000BABBA1 /* Debug */ = {
			isa = XCBuildConfiguration;
			buildSettings = {
				CODE_SIGN_IDENTITY = "iPhone Developer";
				"CODE_SIGN_IDENTITY[sdk=iphoneos*]" = "iPhone Developer";
				GCC_PRECOMPILE_PREFIX_HEADER = YES;
				GCC_PREFIX_HEADER = "Bandit4e/Bandit4e-Prefix.pch";
				INFOPLIST_FILE = "Bandit4e/Bandit4e-Info.plist";
				IPHONEOS_DEPLOYMENT_TARGET = 7.0;
				PRODUCT_NAME = "$(TARGET_NAME)";
				PROVISIONING_PROFILE = "";
				WRAPPER_EXTENSION = app;
			};
			name = Debug;
		};
		7ED04E3C16738FA000BABBA1 /* Release */ = {
			isa = XCBuildConfiguration;
			buildSettings = {
				CODE_SIGN_IDENTITY = "iPhone Developer";
				"CODE_SIGN_IDENTITY[sdk=iphoneos*]" = "iPhone Developer";
				GCC_PRECOMPILE_PREFIX_HEADER = YES;
				GCC_PREFIX_HEADER = "Bandit4e/Bandit4e-Prefix.pch";
				INFOPLIST_FILE = "Bandit4e/Bandit4e-Info.plist";
				IPHONEOS_DEPLOYMENT_TARGET = 7.0;
				PRODUCT_NAME = "$(TARGET_NAME)";
				PROVISIONING_PROFILE = "";
				WRAPPER_EXTENSION = app;
			};
			name = Release;
		};
/* End XCBuildConfiguration section */

/* Begin XCConfigurationList section */
		7ED04E1116738F9F00BABBA1 /* Build configuration list for PBXProject "Bandit4e" */ = {
			isa = XCConfigurationList;
			buildConfigurations = (
				7ED04E3816738FA000BABBA1 /* Debug */,
				7ED04E3916738FA000BABBA1 /* Release */,
			);
			defaultConfigurationIsVisible = 0;
			defaultConfigurationName = Release;
		};
		7ED04E3A16738FA000BABBA1 /* Build configuration list for PBXNativeTarget "Bandit4e" */ = {
			isa = XCConfigurationList;
			buildConfigurations = (
				7ED04E3B16738FA000BABBA1 /* Debug */,
				7ED04E3C16738FA000BABBA1 /* Release */,
			);
			defaultConfigurationIsVisible = 0;
			defaultConfigurationName = Release;
		};
/* End XCConfigurationList section */

/* Begin XCVersionGroup section */
		7ED04E3516738FA000BABBA1 /* Bandit4e.xcdatamodeld */ = {
			isa = XCVersionGroup;
			children = (
				7ED04E3616738FA000BABBA1 /* Bandit4e.xcdatamodel */,
			);
			currentVersion = 7ED04E3616738FA000BABBA1 /* Bandit4e.xcdatamodel */;
			name = Bandit4e.xcdatamodeld;
			path = Bandit4e/Bandit4e.xcdatamodeld;
			sourceTree = "<group>";
			versionGroupType = wrapper.xcdatamodel;
		};
/* End XCVersionGroup section */
	};
	rootObject = 7ED04E0E16738F9F00BABBA1 /* Project object */;
}
